
Microsoft Visual Studio Solution File, Format Version 12.00
# Visual Studio Version 17
VisualStudioVersion = 17.8.34330.188
MinimumVisualStudioVersion = 10.0.40219.1
Project("{FAE04EC0-301F-11D3-BF4B-00C04F79EFBC}") = "PizzaProject", "PizzaProject\PizzaProject.csproj", "{F5DCEE04-031F-4CEE-914B-E059AB00C433}"
EndProject
Global
	GlobalSection(SolutionConfigurationPlatforms) = preSolution
		Debug|Any CPU = Debug|Any CPU
		Release|Any CPU = Release|Any CPU
	EndGlobalSection
	GlobalSection(ProjectConfigurationPlatforms) = postSolution
		{F5DCEE04-031F-4CEE-914B-E059AB00C433}.Debug|Any CPU.ActiveCfg = Debug|Any CPU
		{F5DCEE04-031F-4CEE-914B-E059AB00C433}.Debug|Any CPU.Build.0 = Debug|Any CPU
		{F5DCEE04-031F-4CEE-914B-E059AB00C433}.Release|Any CPU.ActiveCfg = Release|Any CPU
		{F5DCEE04-031F-4CEE-914B-E059AB00C433}.Release|Any CPU.Build.0 = Release|Any CPU
	EndGlobalSection
	GlobalSection(SolutionProperties) = preSolution
		HideSolutionNode = FALSE
	EndGlobalSection
	GlobalSection(ExtensibilityGlobals) = postSolution
		SolutionGuid = {F0B41E17-39FE-450D-A740-E51D95F0D1B7}
	EndGlobalSection
EndGlobal
